// !$*UTF8*$!
{
	archiveVersion = 1;
	classes = {
	};
	objectVersion = 48;
	objects = {

/* Begin PBXBuildFile section */
		392D2979207C68E300090CD6 /* AppDelegate.swift in Sources */ = {isa = PBXBuildFile; fileRef = 392D2978207C68E300090CD6 /* AppDelegate.swift */; };
		392D297E207C68E300090CD6 /* Main.storyboard in Resources */ = {isa = PBXBuildFile; fileRef = 392D297C207C68E300090CD6 /* Main.storyboard */; };
		392D2980207C68E300090CD6 /* Assets.xcassets in Resources */ = {isa = PBXBuildFile; fileRef = 392D297F207C68E300090CD6 /* Assets.xcassets */; };
		392D2983207C68E300090CD6 /* LaunchScreen.storyboard in Resources */ = {isa = PBXBuildFile; fileRef = 392D2981207C68E300090CD6 /* LaunchScreen.storyboard */; };
		392D298B207C694100090CD6 /* CanvasView.swift in Sources */ = {isa = PBXBuildFile; fileRef = 392D298A207C694100090CD6 /* CanvasView.swift */; };
		392D298D207C696500090CD6 /* MNIST.mlmodel in Sources */ = {isa = PBXBuildFile; fileRef = 392D298C207C696500090CD6 /* MNIST.mlmodel */; };
		392D298F207C6C6E00090CD6 /* mainVC.swift in Sources */ = {isa = PBXBuildFile; fileRef = 392D298E207C6C6E00090CD6 /* mainVC.swift */; };
/* End PBXBuildFile section */

/* Begin PBXFileReference section */
		392D2975207C68E300090CD6 /* numberRecognizerML.app */ = {isa = PBXFileReference; explicitFileType = wrapper.application; includeInIndex = 0; path = numberRecognizerML.app; sourceTree = BUILT_PRODUCTS_DIR; };
		392D2978207C68E300090CD6 /* AppDelegate.swift */ = {isa = PBXFileReference; lastKnownFileType = sourcecode.swift; path = AppDelegate.swift; sourceTree = "<group>"; };
		392D297D207C68E300090CD6 /* Base */ = {isa = PBXFileReference; lastKnownFileType = file.storyboard; name = Base; path = Base.lproj/Main.storyboard; sourceTree = "<group>"; };
		392D297F207C68E300090CD6 /* Assets.xcassets */ = {isa = PBXFileReference; lastKnownFileType = folder.assetcatalog; path = Assets.xcassets; sourceTree = "<group>"; };
		392D2982207C68E300090CD6 /* Base */ = {isa = PBXFileReference; lastKnownFileType = file.storyboard; name = Base; path = Base.lproj/LaunchScreen.storyboard; sourceTree = "<group>"; };
		392D2984207C68E300090CD6 /* Info.plist */ = {isa = PBXFileReference; lastKnownFileType = text.plist.xml; path = Info.plist; sourceTree = "<group>"; };
		392D298A207C694100090CD6 /* CanvasView.swift */ = {isa = PBXFileReference; fileEncoding = 4; lastKnownFileType = sourcecode.swift; path = CanvasView.swift; sourceTree = "<group>"; };
		392D298C207C696500090CD6 /* MNIST.mlmodel */ = {isa = PBXFileReference; lastKnownFileType = file.mlmodel; path = MNIST.mlmodel; sourceTree = "<group>"; };
		392D298E207C6C6E00090CD6 /* mainVC.swift */ = {isa = PBXFileReference; lastKnownFileType = sourcecode.swift; path = mainVC.swift; sourceTree = "<group>"; };
/* End PBXFileReference section */

/* Begin PBXFrameworksBuildPhase section */
		392D2972207C68E300090CD6 /* Frameworks */ = {
			isa = PBXFrameworksBuildPhase;
			buildActionMask = 2147483647;
			files = (
			);
			runOnlyForDeploymentPostprocessing = 0;
		};
/* End PBXFrameworksBuildPhase section */

/* Begin PBXGroup section */
		392D296C207C68E300090CD6 = {
			isa = PBXGroup;
			children = (
				392D2977207C68E300090CD6 /* numberRecognizerML */,
				392D2976207C68E300090CD6 /* Products */,
			);
			sourceTree = "<group>";
		};
		392D2976207C68E300090CD6 /* Products */ = {
			isa = PBXGroup;
			children = (
				392D2975207C68E300090CD6 /* numberRecognizerML.app */,
			);
			name = Products;
			sourceTree = "<group>";
		};
		392D2977207C68E300090CD6 /* numberRecognizerML */ = {
			isa = PBXGroup;
			children = (
				392D2978207C68E300090CD6 /* AppDelegate.swift */,
				392D298A207C694100090CD6 /* CanvasView.swift */,
				392D298E207C6C6E00090CD6 /* mainVC.swift */,
				392D297F207C68E300090CD6 /* Assets.xcassets */,
				392D298C207C696500090CD6 /* MNIST.mlmodel */,
				392D297C207C68E300090CD6 /* Main.storyboard */,
				392D2981207C68E300090CD6 /* LaunchScreen.storyboard */,
				392D2984207C68E300090CD6 /* Info.plist */,
			);
			path = numberRecognizerML;
			sourceTree = "<group>";
		};
/* End PBXGroup section */

/* Begin PBXNativeTarget section */
		392D2974207C68E300090CD6 /* numberRecognizerML */ = {
			isa = PBXNativeTarget;
			buildConfigurationList = 392D2987207C68E300090CD6 /* Build configuration list for PBXNativeTarget "numberRecognizerML" */;
			buildPhases = (
				392D2971207C68E300090CD6 /* Sources */,
				392D2972207C68E300090CD6 /* Frameworks */,
				392D2973207C68E300090CD6 /* Resources */,
			);
			buildRules = (
			);
			dependencies = (
			);
			name = numberRecognizerML;
			productName = numberRecognizerML;
			productReference = 392D2975207C68E300090CD6 /* numberRecognizerML.app */;
			productType = "com.apple.product-type.application";
		};
/* End PBXNativeTarget section */

/* Begin PBXProject section */
		392D296D207C68E300090CD6 /* Project object */ = {
			isa = PBXProject;
			attributes = {
				LastSwiftUpdateCheck = 0920;
				LastUpgradeCheck = 0920;
				ORGANIZATIONNAME = "Jaslow Enterprises";
				TargetAttributes = {
					392D2974207C68E300090CD6 = {
						CreatedOnToolsVersion = 9.2;
						ProvisioningStyle = Automatic;
					};
				};
			};
			buildConfigurationList = 392D2970207C68E300090CD6 /* Build configuration list for PBXProject "numberRecognizerML" */;
			compatibilityVersion = "Xcode 8.0";
			developmentRegion = en;
			hasScannedForEncodings = 0;
			knownRegions = (
				en,
				Base,
			);
			mainGroup = 392D296C207C68E300090CD6;
			productRefGroup = 392D2976207C68E300090CD6 /* Products */;
			projectDirPath = "";
			projectRoot = "";
			targets = (
				392D2974207C68E300090CD6 /* numberRecognizerML */,
			);
		};
/* End PBXProject section */

/* Begin PBXResourcesBuildPhase section */
		392D2973207C68E300090CD6 /* Resources */ = {
			isa = PBXResourcesBuildPhase;
			buildActionMask = 2147483647;
			files = (
				392D2983207C68E300090CD6 /* LaunchScreen.storyboard in Resources */,
				392D2980207C68E300090CD6 /* Assets.xcassets in Resources */,
				392D297E207C68E300090CD6 /* Main.storyboard in Resources */,
			);
			runOnlyForDeploymentPostprocessing = 0;
		};
/* End PBXResourcesBuildPhase section */

/* Begin PBXSourcesBuildPhase section */
		392D2971207C68E300090CD6 /* Sources */ = {
			isa = PBXSourcesBuildPhase;
			buildActionMask = 2147483647;
			files = (
				392D298D207C696500090CD6 /* MNIST.mlmodel in Sources */,
				392D298F207C6C6E00090CD6 /* mainVC.swift in Sources */,
				392D298B207C694100090CD6 /* CanvasView.swift in Sources */,
				392D2979207C68E300090CD6 /* AppDelegate.swift in Sources */,
			);
			runOnlyForDeploymentPostprocessing = 0;
		};
/* End PBXSourcesBuildPhase section */

/* Begin PBXVariantGroup section */
		392D297C207C68E300090CD6 /* Main.storyboard */ = {
			isa = PBXVariantGroup;
			children = (
				392D297D207C68E300090CD6 /* Base */,
			);
			name = Main.storyboard;
			sourceTree = "<group>";
		};
		392D2981207C68E300090CD6 /* LaunchScreen.storyboard */ = {
			isa = PBXVariantGroup;
			children = (
				392D2982207C68E300090CD6 /* Base */,
			);
			name = LaunchScreen.storyboard;
			sourceTree = "<group>";
		};
/* End PBXVariantGroup section */

/* Begin XCBuildConfiguration section */
		392D2985207C68E300090CD6 /* Debug */ = {
			isa = XCBuildConfiguration;
			buildSettings = {
				ALWAYS_SEARCH_USER_PATHS = NO;
				CLANG_ANALYZER_NONNULL = YES;
				CLANG_ANALYZER_NUMBER_OBJECT_CONVERSION = YES_AGGRESSIVE;
				CLANG_CXX_LANGUAGE_STANDARD = "gnu++14";
				CLANG_CXX_LIBRARY = "libc++";
				CLANG_ENABLE_MODULES = YES;
				CLANG_ENABLE_OBJC_ARC = YES;
				CLANG_WARN_BLOCK_CAPTURE_AUTORELEASING = YES;
				CLANG_WARN_BOOL_CONVERSION = YES;
				CLANG_WARN_COMMA = YES;
				CLANG_WARN_CONSTANT_CONVERSION = YES;
				CLANG_WARN_DIRECT_OBJC_ISA_USAGE = YES_ERROR;
				CLANG_WARN_DOCUMENTATION_COMMENTS = YES;
				CLANG_WARN_EMPTY_BODY = YES;
				CLANG_WARN_ENUM_CONVERSION = YES;
				CLANG_WARN_INFINITE_RECURSION = YES;
				CLANG_WARN_INT_CONVERSION = YES;
				CLANG_WARN_NON_LITERAL_NULL_CONVERSION = YES;
				CLANG_WARN_OBJC_LITERAL_CONVERSION = YES;
				CLANG_WARN_OBJC_ROOT_CLASS = YES_ERROR;
				CLANG_WARN_RANGE_LOOP_ANALYSIS = YES;
				CLANG_WARN_STRICT_PROTOTYPES = YES;
				CLANG_WARN_SUSPICIOUS_MOVE = YES;
				CLANG_WARN_UNGUARDED_AVAILABILITY = YES_AGGRESSIVE;
				CLANG_WARN_UNREACHABLE_CODE = YES;
				CLANG_WARN__DUPLICATE_METHOD_MATCH = YES;
				CODE_SIGN_IDENTITY = "iPhone Developer";
				COPY_PHASE_STRIP = NO;
				DEBUG_INFORMATION_FORMAT = dwarf;
				ENABLE_STRICT_OBJC_MSGSEND = YES;
				ENABLE_TESTABILITY = YES;
				GCC_C_LANGUAGE_STANDARD = gnu11;
				GCC_DYNAMIC_NO_PIC = NO;
				GCC_NO_COMMON_BLOCKS = YES;
				GCC_OPTIMIZATION_LEVEL = 0;
				GCC_PREPROCESSOR_DEFINITIONS = (
					"DEBUG=1",
					"$(inherited)",
				);
				GCC_WARN_64_TO_32_BIT_CONVERSION = YES;
				GCC_WARN_ABOUT_RETURN_TYPE = YES_ERROR;
				GCC_WARN_UNDECLARED_SELECTOR = YES;
				GCC_WARN_UNINITIALIZED_AUTOS = YES_AGGRESSIVE;
				GCC_WARN_UNUSED_FUNCTION = YES;
				GCC_WARN_UNUSED_VARIABLE = YES;
				IPHONEOS_DEPLOYMENT_TARGET = 11.2;
				MTL_ENABLE_DEBUG_INFO = YES;
				ONLY_ACTIVE_ARCH = YES;
				SDKROOT = iphoneos;
				SWIFT_ACTIVE_COMPILATION_CONDITIONS = DEBUG;
				SWIFT_OPTIMIZATION_LEVEL = "-Onone";
			};
			name = Debug;
		};
		392D2986207C68E300090CD6 /* Release */ = {
			isa = XCBuildConfiguration;
			buildSettings = {
				ALWAYS_SEARCH_USER_PATHS = NO;
				CLANG_ANALYZER_NONNULL = YES;
				CLANG_ANALYZER_NUMBER_OBJECT_CONVERSION = YES_AGGRESSIVE;
				CLANG_CXX_LANGUAGE_STANDARD = "gnu++14";
				CLANG_CXX_LIBRARY = "libc++";
				CLANG_ENABLE_MODULES = YES;
				CLANG_ENABLE_OBJC_ARC = YES;
				CLANG_WARN_BLOCK_CAPTURE_AUTORELEASING = YES;
				CLANG_WARN_BOOL_CONVERSION = YES;
				CLANG_WARN_COMMA = YES;
				CLANG_WARN_CONSTANT_CONVERSION = YES;
				CLANG_WARN_DIRECT_OBJC_ISA_USAGE = YES_ERROR;
				CLANG_WARN_DOCUMENTATION_COMMENTS = YES;
				CLANG_WARN_EMPTY_BODY = YES;
				CLANG_WARN_ENUM_CONVERSION = YES;
				CLANG_WARN_INFINITE_RECURSION = YES;
				CLANG_WARN_INT_CONVERSION = YES;
				CLANG_WARN_NON_LITERAL_NULL_CONVERSION = YES;
				CLANG_WARN_OBJC_LITERAL_CONVERSION = YES;
				CLANG_WARN_OBJC_ROOT_CLASS = YES_ERROR;
				CLANG_WARN_RANGE_LOOP_ANALYSIS = YES;
				CLANG_WARN_STRICT_PROTOTYPES = YES;
				CLANG_WARN_SUSPICIOUS_MOVE = YES;
				CLANG_WARN_UNGUARDED_AVAILABILITY = YES_AGGRESSIVE;
				CLANG_WARN_UNREACHABLE_CODE = YES;
				CLANG_WARN__DUPLICATE_METHOD_MATCH = YES;
				CODE_SIGN_IDENTITY = "iPhone Developer";
				COPY_PHASE_STRIP = NO;
				DEBUG_INFORMATION_FORMAT = "dwarf-with-dsym";
				ENABLE_NS_ASSERTIONS = NO;
				ENABLE_STRICT_OBJC_MSGSEND = YES;
				GCC_C_LANGUAGE_STANDARD = gnu11;
				GCC_NO_COMMON_BLOCKS = YES;
				GCC_WARN_64_TO_32_BIT_CONVERSION = YES;
				GCC_WARN_ABOUT_RETURN_TYPE = YES_ERROR;
				GCC_WARN_UNDECLARED_SELECTOR = YES;
				GCC_WARN_UNINITIALIZED_AUTOS = YES_AGGRESSIVE;
				GCC_WARN_UNUSED_FUNCTION = YES;
				GCC_WARN_UNUSED_VARIABLE = YES;
				IPHONEOS_DEPLOYMENT_TARGET = 11.2;
				MTL_ENABLE_DEBUG_INFO = NO;
				SDKROOT = iphoneos;
				SWIFT_OPTIMIZATION_LEVEL = "-Owholemodule";
				VALIDATE_PRODUCT = YES;
			};
			name = Release;
		};
		392D2988207C68E300090CD6 /* Debug */ = {
			isa = XCBuildConfiguration;
			buildSettings = {
				ASSETCATALOG_COMPILER_APPICON_NAME = AppIcon;
				CODE_SIGN_STYLE = Automatic;
				DEVELOPMENT_TEAM = WEFRB4UV59;
				INFOPLIST_FILE = numberRecognizerML/Info.plist;
				LD_RUNPATH_SEARCH_PATHS = "$(inherited) @executable_path/Frameworks";
				PRODUCT_BUNDLE_IDENTIFIER = com.awesomeSauce.numberRecognizerML;
				PRODUCT_NAME = "$(TARGET_NAME)";
				SWIFT_VERSION = 4.0;
				TARGETED_DEVICE_FAMILY = "1,2";
			};
			name = Debug;
		};
		392D2989207C68E300090CD6 /* Release */ = {
			isa = XCBuildConfiguration;
			buildSettings = {
				ASSETCATALOG_COMPILER_APPICON_NAME = AppIcon;
				CODE_SIGN_STYLE = Automatic;
				DEVELOPMENT_TEAM = WEFRB4UV59;
				INFOPLIST_FILE = numberRecognizerML/Info.plist;
				LD_RUNPATH_SEARCH_PATHS = "$(inherited) @executable_path/Frameworks";
				PRODUCT_BUNDLE_IDENTIFIER = com.awesomeSauce.numberRecognizerML;
				PRODUCT_NAME = "$(TARGET_NAME)";
				SWIFT_VERSION = 4.0;
				TARGETED_DEVICE_FAMILY = "1,2";
			};
			name = Release;
		};
/* End XCBuildConfiguration section */

/* Begin XCConfigurationList section */
		392D2970207C68E300090CD6 /* Build configuration list for PBXProject "numberRecognizerML" */ = {
			isa = XCConfigurationList;
			buildConfigurations = (
				392D2985207C68E300090CD6 /* Debug */,
				392D2986207C68E300090CD6 /* Release */,
			);
			defaultConfigurationIsVisible = 0;
			defaultConfigurationName = Release;
		};
		392D2987207C68E300090CD6 /* Build configuration list for PBXNativeTarget "numberRecognizerML" */ = {
			isa = XCConfigurationList;
			buildConfigurations = (
				392D2988207C68E300090CD6 /* Debug */,
				392D2989207C68E300090CD6 /* Release */,
			);
			defaultConfigurationIsVisible = 0;
			defaultConfigurationName = Release;
		};
/* End XCConfigurationList section */
	};
	rootObject = 392D296D207C68E300090CD6 /* Project object */;
}
